{
    "name": "bru-as-code_client",
    "version": "1.0.0",
    "lockfileVersion": 3,
    "requires": true,
    "packages": {
        "": {
            "name": "bru-as-code_client",
            "version": "1.0.0",
            "license": "MIT",
            "dependencies": {
                "evt": "^2.5.9",
                "process": "^0.11.10",
                "tree-kill": "^1.2.2",
                "typescript": "^5.9.3",
                "uuid": "^13.0.0",
                "vscode-languageclient": "^9.0.1",
                "watcher": "^2.3.1"
            }
        },
        "node_modules/balanced-match": {
            "version": "1.0.2",
            "resolved": "https://registry.npmjs.org/balanced-match/-/balanced-match-1.0.2.tgz",
            "integrity": "sha512-3oSeUO0TMV67hN1AmbXsK4yaqU7tjiHlbxRDZOpH0KW9+CeX4bRAaX0Anxt0tx2MrpRpWwQaPwIlISEJhYU5Pw==",
            "license": "MIT"
        },
        "node_modules/brace-expansion": {
            "version": "2.0.2",
            "resolved": "https://registry.npmjs.org/brace-expansion/-/brace-expansion-2.0.2.tgz",
            "integrity": "sha512-Jt0vHyM+jmUBqojB7E1NIYadt0vI0Qxjxd2TErW94wDz+E2LAm5vKMXXwg6ZZBTHPuUlDgQHKXvjGBdfcF1ZDQ==",
            "license": "MIT",
            "dependencies": {
                "balanced-match": "^1.0.0"
            }
        },
        "node_modules/dettle": {
            "version": "1.0.5",
            "resolved": "https://registry.npmjs.org/dettle/-/dettle-1.0.5.tgz",
            "integrity": "sha512-ZVyjhAJ7sCe1PNXEGveObOH9AC8QvMga3HJIghHawtG7mE4K5pW9nz/vDGAr/U7a3LWgdOzEE7ac9MURnyfaTA==",
            "license": "MIT"
        },
        "node_modules/evt": {
            "version": "2.5.9",
            "resolved": "https://registry.npmjs.org/evt/-/evt-2.5.9.tgz",
            "integrity": "sha512-GpjX476FSlttEGWHT8BdVMoI8wGXQGbEOtKcP4E+kggg+yJzXBZN2n4x7TS/zPBJ1DZqWI+rguZZApjjzQ0HpA==",
            "license": "MIT",
            "dependencies": {
                "minimal-polyfills": "^2.2.3",
                "run-exclusive": "^2.2.19",
                "tsafe": "^1.8.5"
            }
        },
        "node_modules/minimal-polyfills": {
            "version": "2.2.3",
            "resolved": "https://registry.npmjs.org/minimal-polyfills/-/minimal-polyfills-2.2.3.tgz",
            "integrity": "sha512-oxdmJ9cL+xV72h0xYxp4tP2d5/fTBpP45H8DIOn9pASuF8a3IYTf+25fMGDYGiWW+MFsuog6KD6nfmhZJQ+uUw==",
            "license": "MIT"
        },
        "node_modules/minimatch": {
            "version": "5.1.9",
            "resolved": "https://registry.npmjs.org/minimatch/-/minimatch-5.1.9.tgz",
            "integrity": "sha512-7o1wEA2RyMP7Iu7GNba9vc0RWWGACJOCZBJX2GJWip0ikV+wcOsgVuY9uE8CPiyQhkGFSlhuSkZPavN7u1c2Fw==",
            "license": "ISC",
            "dependencies": {
                "brace-expansion": "^2.0.1"
            },
            "engines": {
                "node": ">=10"
            }
        },
        "node_modules/process": {
            "version": "0.11.10",
            "resolved": "https://registry.npmjs.org/process/-/process-0.11.10.tgz",
            "integrity": "sha512-cdGef/drWFoydD1JsMzuFf8100nZl+GT+yacc2bEced5f9Rjk4z+WtFUTBu9PhOi9j/jfmBPu0mMEY4wIdAF8A==",
            "license": "MIT",
            "engines": {
                "node": ">= 0.6.0"
            }
        },
        "node_modules/promise-make-counter": {
            "version": "1.0.2",
            "resolved": "https://registry.npmjs.org/promise-make-counter/-/promise-make-counter-1.0.2.tgz",
            "integrity": "sha512-FJAxTBWQuQoAs4ZOYuKX1FHXxEgKLEzBxUvwr4RoOglkTpOjWuM+RXsK3M9q5lMa8kjqctUrhwYeZFT4ygsnag==",
            "license": "MIT",
            "dependencies": {
                "promise-make-naked": "^3.0.2"
            }
        },
        "node_modules/promise-make-naked": {
            "version": "3.0.2",
            "resolved": "https://registry.npmjs.org/promise-make-naked/-/promise-make-naked-3.0.2.tgz",
            "integrity": "sha512-B+b+kQ1YrYS7zO7P7bQcoqqMUizP06BOyNSBEnB5VJKDSWo8fsVuDkfSmwdjF0JsRtaNh83so5MMFJ95soH5jg==",
            "license": "MIT"
        },
        "node_modules/run-exclusive": {
            "version": "2.2.19",
            "resolved": "https://registry.npmjs.org/run-exclusive/-/run-exclusive-2.2.19.tgz",
            "integrity": "sha512-K3mdoAi7tjJ/qT7Flj90L7QyPozwUaAG+CVhkdDje4HLKXUYC3N/Jzkau3flHVDLQVhiHBtcimVodMjN9egYbA==",
            "license": "MIT",
            "dependencies": {
                "minimal-polyfills": "^2.2.3"
            }
        },
        "node_modules/semver": {
            "version": "7.7.3",
            "resolved": "https://registry.npmjs.org/semver/-/semver-7.7.3.tgz",
            "integrity": "sha512-SdsKMrI9TdgjdweUSR9MweHA4EJ8YxHn8DFaDisvhVlUOe4BF1tLD7GAj0lIqWVl+dPb/rExr0Btby5loQm20Q==",
            "license": "ISC",
            "bin": {
                "semver": "bin/semver.js"
            },
            "engines": {
                "node": ">=10"
            }
        },
        "node_modules/stubborn-fs": {
            "version": "1.2.5",
            "resolved": "https://registry.npmjs.org/stubborn-fs/-/stubborn-fs-1.2.5.tgz",
            "integrity": "sha512-H2N9c26eXjzL/S/K+i/RHHcFanE74dptvvjM8iwzwbVcWY/zjBbgRqF3K0DY4+OD+uTTASTBvDoxPDaPN02D7g=="
        },
        "node_modules/tiny-readdir": {
            "version": "2.7.4",
            "resolved": "https://registry.npmjs.org/tiny-readdir/-/tiny-readdir-2.7.4.tgz",
            "integrity": "sha512-721U+zsYwDirjr8IM6jqpesD/McpZooeFi3Zc6mcjy1pse2C+v19eHPFRqz4chGXZFw7C3KITDjAtHETc2wj7Q==",
            "license": "MIT",
            "dependencies": {
                "promise-make-counter": "^1.0.2"
            }
        },
        "node_modules/tree-kill": {
            "version": "1.2.2",
            "resolved": "https://registry.npmjs.org/tree-kill/-/tree-kill-1.2.2.tgz",
            "integrity": "sha512-L0Orpi8qGpRG//Nd+H90vFB+3iHnue1zSSGmNOOCh1GLJ7rUKVwV2HvijphGQS2UmhUZewS9VgvxYIdgr+fG1A==",
            "license": "MIT",
            "bin": {
                "tree-kill": "cli.js"
            }
        },
        "node_modules/tsafe": {
            "version": "1.8.12",
            "resolved": "https://registry.npmjs.org/tsafe/-/tsafe-1.8.12.tgz",
            "integrity": "sha512-nFRqW0ttu/2o6XTXsHiVZWJBCOaxhVqZLg7dgs3coZNsCMPXPfwz+zPHAQA+70fNnVJLAPg1EgGIqK9Q84tvAw==",
            "license": "MIT"
        },
        "node_modules/typescript": {
            "version": "5.9.3",
            "resolved": "https://registry.npmjs.org/typescript/-/typescript-5.9.3.tgz",
            "integrity": "sha512-jl1vZzPDinLr9eUt3J/t7V6FgNEw9QjvBPdysz9KfQDD41fQrC2Y4vKQdiaUpFT4bXlb1RHhLpp8wtm6M5TgSw==",
            "license": "Apache-2.0",
            "bin": {
                "tsc": "bin/tsc",
                "tsserver": "bin/tsserver"
            },
            "engines": {
                "node": ">=14.17"
            }
        },
        "node_modules/uuid": {
            "version": "13.0.0",
            "resolved": "https://registry.npmjs.org/uuid/-/uuid-13.0.0.tgz",
            "integrity": "sha512-XQegIaBTVUjSHliKqcnFqYypAd4S+WCYt5NIeRs6w/UAry7z8Y9j5ZwRRL4kzq9U3sD6v+85er9FvkEaBpji2w==",
            "funding": [
                "https://github.com/sponsors/broofa",
                "https://github.com/sponsors/ctavan"
            ],
            "license": "MIT",
            "bin": {
                "uuid": "dist-node/bin/uuid"
            }
        },
        "node_modules/vscode-jsonrpc": {
            "version": "8.2.0",
            "resolved": "https://registry.npmjs.org/vscode-jsonrpc/-/vscode-jsonrpc-8.2.0.tgz",
            "integrity": "sha512-C+r0eKJUIfiDIfwJhria30+TYWPtuHJXHtI7J0YlOmKAo7ogxP20T0zxB7HZQIFhIyvoBPwWskjxrvAtfjyZfA==",
            "license": "MIT",
            "engines": {
                "node": ">=14.0.0"
            }
        },
        "node_modules/vscode-languageclient": {
            "version": "9.0.1",
            "resolved": "https://registry.npmjs.org/vscode-languageclient/-/vscode-languageclient-9.0.1.tgz",
            "integrity": "sha512-JZiimVdvimEuHh5olxhxkht09m3JzUGwggb5eRUkzzJhZ2KjCN0nh55VfiED9oez9DyF8/fz1g1iBV3h+0Z2EA==",
            "license": "MIT",
            "dependencies": {
                "minimatch": "^5.1.0",
                "semver": "^7.3.7",
                "vscode-languageserver-protocol": "3.17.5"
            },
            "engines": {
                "vscode": "^1.82.0"
            }
        },
        "node_modules/vscode-languageserver-protocol": {
            "version": "3.17.5",
            "resolved": "https://registry.npmjs.org/vscode-languageserver-protocol/-/vscode-languageserver-protocol-3.17.5.tgz",
            "integrity": "sha512-mb1bvRJN8SVznADSGWM9u/b07H7Ecg0I3OgXDuLdn307rl/J3A9YD6/eYOssqhecL27hK1IPZAsaqh00i/Jljg==",
            "license": "MIT",
            "dependencies": {
                "vscode-jsonrpc": "8.2.0",
                "vscode-languageserver-types": "3.17.5"
            }
        },
        "node_modules/vscode-languageserver-types": {
            "version": "3.17.5",
            "resolved": "https://registry.npmjs.org/vscode-languageserver-types/-/vscode-languageserver-types-3.17.5.tgz",
            "integrity": "sha512-Ld1VelNuX9pdF39h2Hgaeb5hEZM2Z3jUrrMgWQAu82jMtZp7p3vJT3BzToKtZI7NgQssZje5o0zryOrhQvzQAg==",
            "license": "MIT"
        },
        "node_modules/watcher": {
            "version": "2.3.1",
            "resolved": "https://registry.npmjs.org/watcher/-/watcher-2.3.1.tgz",
            "integrity": "sha512-d3yl+ey35h05r5EFP0TafE2jsmQUJ9cc2aernRVyAkZiu0J3+3TbNugNcqdUJDoWOfL2p+bNsN427stsBC/HnA==",
            "dependencies": {
                "dettle": "^1.0.2",
                "stubborn-fs": "^1.2.5",
                "tiny-readdir": "^2.7.2"
            }
        }
    }
}
