{
    "name": "bru-as-code_client",
    "version": "1.0.0",
    "lockfileVersion": 3,
    "requires": true,
    "packages": {
        "": {
            "name": "bru-as-code_client",
            "version": "1.0.0",
            "license": "MIT",
            "dependencies": {
                "evt": "^2.5.9",
                "process": "^0.11.10",
                "tree-kill": "^1.2.2",
                "typescript": "^6.0.3",
                "uuid": "^13.0.0",
                "vscode-languageclient": "^10.0.0",
                "watcher": "^2.3.1"
            }
        },
        "node_modules/balanced-match": {
            "version": "4.0.4",
            "resolved": "https://registry.npmjs.org/balanced-match/-/balanced-match-4.0.4.tgz",
            "integrity": "sha512-BLrgEcRTwX2o6gGxGOCNyMvGSp35YofuYzw9h1IMTRmKqttAZZVU67bdb9Pr2vUHA8+j3i2tJfjO6C6+4myGTA==",
            "license": "MIT",
            "engines": {
                "node": "18 || 20 || >=22"
            }
        },
        "node_modules/brace-expansion": {
            "version": "5.0.6",
            "resolved": "https://registry.npmjs.org/brace-expansion/-/brace-expansion-5.0.6.tgz",
            "integrity": "sha512-kLpxurY4Z4r9sgMsyG0Z9uzsBlgiU/EFKhj/h91/8yHu0edo7XuixOIH3VcJ8kkxs6/jPzoI6U9Vj3WqbMQ94g==",
            "license": "MIT",
            "dependencies": {
                "balanced-match": "^4.0.2"
            },
            "engines": {
                "node": "18 || 20 || >=22"
            }
        },
        "node_modules/dettle": {
            "version": "1.0.5",
            "resolved": "https://registry.npmjs.org/dettle/-/dettle-1.0.5.tgz",
            "integrity": "sha512-ZVyjhAJ7sCe1PNXEGveObOH9AC8QvMga3HJIghHawtG7mE4K5pW9nz/vDGAr/U7a3LWgdOzEE7ac9MURnyfaTA==",
            "license": "MIT"
        },
        "node_modules/evt": {
            "version": "2.5.9",
            "resolved": "https://registry.npmjs.org/evt/-/evt-2.5.9.tgz",
            "integrity": "sha512-GpjX476FSlttEGWHT8BdVMoI8wGXQGbEOtKcP4E+kggg+yJzXBZN2n4x7TS/zPBJ1DZqWI+rguZZApjjzQ0HpA==",
            "license": "MIT",
            "dependencies": {
                "minimal-polyfills": "^2.2.3",
                "run-exclusive": "^2.2.19",
                "tsafe": "^1.8.5"
            }
        },
        "node_modules/minimal-polyfills": {
            "version": "2.2.3",
            "resolved": "https://registry.npmjs.org/minimal-polyfills/-/minimal-polyfills-2.2.3.tgz",
            "integrity": "sha512-oxdmJ9cL+xV72h0xYxp4tP2d5/fTBpP45H8DIOn9pASuF8a3IYTf+25fMGDYGiWW+MFsuog6KD6nfmhZJQ+uUw==",
            "license": "MIT"
        },
        "node_modules/minimatch": {
            "version": "10.2.5",
            "resolved": "https://registry.npmjs.org/minimatch/-/minimatch-10.2.5.tgz",
            "integrity": "sha512-MULkVLfKGYDFYejP07QOurDLLQpcjk7Fw+7jXS2R2czRQzR56yHRveU5NDJEOviH+hETZKSkIk5c+T23GjFUMg==",
            "license": "BlueOak-1.0.0",
            "dependencies": {
                "brace-expansion": "^5.0.5"
            },
            "engines": {
                "node": "18 || 20 || >=22"
            },
            "funding": {
                "url": "https://github.com/sponsors/isaacs"
            }
        },
        "node_modules/process": {
            "version": "0.11.10",
            "resolved": "https://registry.npmjs.org/process/-/process-0.11.10.tgz",
            "integrity": "sha512-cdGef/drWFoydD1JsMzuFf8100nZl+GT+yacc2bEced5f9Rjk4z+WtFUTBu9PhOi9j/jfmBPu0mMEY4wIdAF8A==",
            "license": "MIT",
            "engines": {
                "node": ">= 0.6.0"
            }
        },
        "node_modules/promise-make-counter": {
            "version": "1.0.2",
            "resolved": "https://registry.npmjs.org/promise-make-counter/-/promise-make-counter-1.0.2.tgz",
            "integrity": "sha512-FJAxTBWQuQoAs4ZOYuKX1FHXxEgKLEzBxUvwr4RoOglkTpOjWuM+RXsK3M9q5lMa8kjqctUrhwYeZFT4ygsnag==",
            "license": "MIT",
            "dependencies": {
                "promise-make-naked": "^3.0.2"
            }
        },
        "node_modules/promise-make-naked": {
            "version": "3.0.2",
            "resolved": "https://registry.npmjs.org/promise-make-naked/-/promise-make-naked-3.0.2.tgz",
            "integrity": "sha512-B+b+kQ1YrYS7zO7P7bQcoqqMUizP06BOyNSBEnB5VJKDSWo8fsVuDkfSmwdjF0JsRtaNh83so5MMFJ95soH5jg==",
            "license": "MIT"
        },
        "node_modules/run-exclusive": {
            "version": "2.2.19",
            "resolved": "https://registry.npmjs.org/run-exclusive/-/run-exclusive-2.2.19.tgz",
            "integrity": "sha512-K3mdoAi7tjJ/qT7Flj90L7QyPozwUaAG+CVhkdDje4HLKXUYC3N/Jzkau3flHVDLQVhiHBtcimVodMjN9egYbA==",
            "license": "MIT",
            "dependencies": {
                "minimal-polyfills": "^2.2.3"
            }
        },
        "node_modules/semver": {
            "version": "7.8.4",
            "resolved": "https://registry.npmjs.org/semver/-/semver-7.8.4.tgz",
            "integrity": "sha512-rUCObTnP32Q08R2uuIrt7r9PlEonuTmtuXYcW6s5kjdlj3xbnwe+21yXptAUYcMAABLkYYTtnmzb3w3EDZfueA==",
            "license": "ISC",
            "bin": {
                "semver": "bin/semver.js"
            },
            "engines": {
                "node": ">=10"
            }
        },
        "node_modules/stubborn-fs": {
            "version": "1.2.5",
            "resolved": "https://registry.npmjs.org/stubborn-fs/-/stubborn-fs-1.2.5.tgz",
            "integrity": "sha512-H2N9c26eXjzL/S/K+i/RHHcFanE74dptvvjM8iwzwbVcWY/zjBbgRqF3K0DY4+OD+uTTASTBvDoxPDaPN02D7g=="
        },
        "node_modules/tiny-readdir": {
            "version": "2.7.4",
            "resolved": "https://registry.npmjs.org/tiny-readdir/-/tiny-readdir-2.7.4.tgz",
            "integrity": "sha512-721U+zsYwDirjr8IM6jqpesD/McpZooeFi3Zc6mcjy1pse2C+v19eHPFRqz4chGXZFw7C3KITDjAtHETc2wj7Q==",
            "license": "MIT",
            "dependencies": {
                "promise-make-counter": "^1.0.2"
            }
        },
        "node_modules/tree-kill": {
            "version": "1.2.2",
            "resolved": "https://registry.npmjs.org/tree-kill/-/tree-kill-1.2.2.tgz",
            "integrity": "sha512-L0Orpi8qGpRG//Nd+H90vFB+3iHnue1zSSGmNOOCh1GLJ7rUKVwV2HvijphGQS2UmhUZewS9VgvxYIdgr+fG1A==",
            "license": "MIT",
            "bin": {
                "tree-kill": "cli.js"
            }
        },
        "node_modules/tsafe": {
            "version": "1.8.12",
            "resolved": "https://registry.npmjs.org/tsafe/-/tsafe-1.8.12.tgz",
            "integrity": "sha512-nFRqW0ttu/2o6XTXsHiVZWJBCOaxhVqZLg7dgs3coZNsCMPXPfwz+zPHAQA+70fNnVJLAPg1EgGIqK9Q84tvAw==",
            "license": "MIT"
        },
        "node_modules/typescript": {
            "version": "6.0.3",
            "resolved": "https://registry.npmjs.org/typescript/-/typescript-6.0.3.tgz",
            "integrity": "sha512-y2TvuxSZPDyQakkFRPZHKFm+KKVqIisdg9/CZwm9ftvKXLP8NRWj38/ODjNbr43SsoXqNuAisEf1GdCxqWcdBw==",
            "license": "Apache-2.0",
            "bin": {
                "tsc": "bin/tsc",
                "tsserver": "bin/tsserver"
            },
            "engines": {
                "node": ">=14.17"
            }
        },
        "node_modules/uuid": {
            "version": "13.0.2",
            "resolved": "https://registry.npmjs.org/uuid/-/uuid-13.0.2.tgz",
            "integrity": "sha512-vzi9uRZ926x4XV73S/4qQaTwPXM2JBj6/6lI/byHH1jOpCzb0zDbfytgA9LcN/hzb2l7WQSQnxITOVx5un/wGw==",
            "funding": [
                "https://github.com/sponsors/broofa",
                "https://github.com/sponsors/ctavan"
            ],
            "license": "MIT",
            "bin": {
                "uuid": "dist-node/bin/uuid"
            }
        },
        "node_modules/vscode-jsonrpc": {
            "version": "9.0.0",
            "resolved": "https://registry.npmjs.org/vscode-jsonrpc/-/vscode-jsonrpc-9.0.0.tgz",
            "integrity": "sha512-+VvMmQPJhtvJ+8O+zu2JKIRiLxXF8NW7krWgyMGeOHrp4Cn23T5hc0v2LknNeopDOB70wghHAds7mKtcZ0I4Sg==",
            "license": "MIT",
            "engines": {
                "node": ">=14.0.0"
            }
        },
        "node_modules/vscode-languageclient": {
            "version": "10.0.0",
            "resolved": "https://registry.npmjs.org/vscode-languageclient/-/vscode-languageclient-10.0.0.tgz",
            "integrity": "sha512-3yRHFkktZQCCg8ehHnD2Z4DZ4mZ17FNo8bxM4OFt8wtpxNBAOZGHmpbIflZSkicvCxi+ozuWntbdeWiY0gP77w==",
            "license": "MIT",
            "dependencies": {
                "minimatch": "^10.2.5",
                "semver": "^7.8.1",
                "vscode-languageserver-protocol": "3.18.0",
                "vscode-languageserver-textdocument": "1.0.13"
            },
            "engines": {
                "vscode": "^1.91.0"
            }
        },
        "node_modules/vscode-languageserver-protocol": {
            "version": "3.18.0",
            "resolved": "https://registry.npmjs.org/vscode-languageserver-protocol/-/vscode-languageserver-protocol-3.18.0.tgz",
            "integrity": "sha512-Zdz+kJ12Iz6tc11xfZyEo501bBATHXrCjmMfnaR3pMnf1CoqZBKIynba3P+/bi9VEdrMbNtAVKYpKhbODvqy+Q==",
            "license": "MIT",
            "dependencies": {
                "vscode-jsonrpc": "9.0.0",
                "vscode-languageserver-types": "3.18.0"
            }
        },
        "node_modules/vscode-languageserver-textdocument": {
            "version": "1.0.13",
            "resolved": "https://registry.npmjs.org/vscode-languageserver-textdocument/-/vscode-languageserver-textdocument-1.0.13.tgz",
            "integrity": "sha512-nx0ZHwMGIsVkzFG3/VLeJYBLTaFBRuNdGDvevvjuoayU5EOS2fEYazOhtCM3PI9ClMMg5igc0uwXtAq4tJj+Dw==",
            "license": "MIT"
        },
        "node_modules/vscode-languageserver-types": {
            "version": "3.18.0",
            "resolved": "https://registry.npmjs.org/vscode-languageserver-types/-/vscode-languageserver-types-3.18.0.tgz",
            "integrity": "sha512-8TsGPNMIMiiBdkORgRSvLjuiEIiAFtO+KssmYWxQ+uSVvlf7RjK8YKCOjPzZ+YA04jXEV7+7LvkSmHkhpNS99g==",
            "license": "MIT"
        },
        "node_modules/watcher": {
            "version": "2.3.1",
            "resolved": "https://registry.npmjs.org/watcher/-/watcher-2.3.1.tgz",
            "integrity": "sha512-d3yl+ey35h05r5EFP0TafE2jsmQUJ9cc2aernRVyAkZiu0J3+3TbNugNcqdUJDoWOfL2p+bNsN427stsBC/HnA==",
            "dependencies": {
                "dettle": "^1.0.2",
                "stubborn-fs": "^1.2.5",
                "tiny-readdir": "^2.7.2"
            }
        }
    }
}
